
Microsoft Visual Studio Solution File, Format Version 12.00
# Visual Studio Version 17
VisualStudioVersion = 17.0.31903.59
MinimumVisualStudioVersion = 10.0.40219.1
Project("{FAE04EC0-301F-11D3-BF4B-00C04F79EFBC}") = "Sygnia.Domain", "Sygnia.Domain\Sygnia.Domain.csproj", "{FC53EA64-4BC2-462A-A770-432B7B0AE120}"
EndProject
Project("{FAE04EC0-301F-11D3-BF4B-00C04F79EFBC}") = "Sygnia.Application", "Sygnia.Application\Sygnia.Application.csproj", "{FA85BCBC-1C4B-4DD0-9DEF-5C17E50E82C7}"
EndProject
Project("{FAE04EC0-301F-11D3-BF4B-00C04F79EFBC}") = "Sygnia.Infrastructure", "Sygnia.Infrastructure\Sygnia.Infrastructure.csproj", "{55CDA6F7-E10D-4B6A-A1F7-D24B5F212979}"
EndProject
Project("{FAE04EC0-301F-11D3-BF4B-00C04F79EFBC}") = "Sygnia.Presentation", "Sygnia.Presentation\Sygnia.Presentation.csproj", "{89D5FC23-2F78-4602-9797-61B9C5024E60}"
EndProject
Project("{2150E333-8FDC-42A3-9474-1A3956D46DE8}") = "tests", "tests", "{3CC5F389-DD77-4D2C-AE92-CAECB6C245A2}"
EndProject
Project("{FAE04EC0-301F-11D3-BF4B-00C04F79EFBC}") = "Sygnia.UnitTests", "tests\Sygnia.UnitTests\Sygnia.UnitTests.csproj", "{7D720EC7-F270-4938-A6DB-EAE6E099C726}"
EndProject
Global
	GlobalSection(SolutionConfigurationPlatforms) = preSolution
		Debug|Any CPU = Debug|Any CPU
		Release|Any CPU = Release|Any CPU
	EndGlobalSection
	GlobalSection(SolutionProperties) = preSolution
		HideSolutionNode = FALSE
	EndGlobalSection
	GlobalSection(ProjectConfigurationPlatforms) = postSolution
		{FC53EA64-4BC2-462A-A770-432B7B0AE120}.Debug|Any CPU.ActiveCfg = Debug|Any CPU
		{FC53EA64-4BC2-462A-A770-432B7B0AE120}.Debug|Any CPU.Build.0 = Debug|Any CPU
		{FC53EA64-4BC2-462A-A770-432B7B0AE120}.Release|Any CPU.ActiveCfg = Release|Any CPU
		{FC53EA64-4BC2-462A-A770-432B7B0AE120}.Release|Any CPU.Build.0 = Release|Any CPU
		{FA85BCBC-1C4B-4DD0-9DEF-5C17E50E82C7}.Debug|Any CPU.ActiveCfg = Debug|Any CPU
		{FA85BCBC-1C4B-4DD0-9DEF-5C17E50E82C7}.Debug|Any CPU.Build.0 = Debug|Any CPU
		{FA85BCBC-1C4B-4DD0-9DEF-5C17E50E82C7}.Release|Any CPU.ActiveCfg = Release|Any CPU
		{FA85BCBC-1C4B-4DD0-9DEF-5C17E50E82C7}.Release|Any CPU.Build.0 = Release|Any CPU
		{55CDA6F7-E10D-4B6A-A1F7-D24B5F212979}.Debug|Any CPU.ActiveCfg = Debug|Any CPU
		{55CDA6F7-E10D-4B6A-A1F7-D24B5F212979}.Debug|Any CPU.Build.0 = Debug|Any CPU
		{55CDA6F7-E10D-4B6A-A1F7-D24B5F212979}.Release|Any CPU.ActiveCfg = Release|Any CPU
		{55CDA6F7-E10D-4B6A-A1F7-D24B5F212979}.Release|Any CPU.Build.0 = Release|Any CPU
		{89D5FC23-2F78-4602-9797-61B9C5024E60}.Debug|Any CPU.ActiveCfg = Debug|Any CPU
		{89D5FC23-2F78-4602-9797-61B9C5024E60}.Debug|Any CPU.Build.0 = Debug|Any CPU
		{89D5FC23-2F78-4602-9797-61B9C5024E60}.Release|Any CPU.ActiveCfg = Release|Any CPU
		{89D5FC23-2F78-4602-9797-61B9C5024E60}.Release|Any CPU.Build.0 = Release|Any CPU
		{7D720EC7-F270-4938-A6DB-EAE6E099C726}.Debug|Any CPU.ActiveCfg = Debug|Any CPU
		{7D720EC7-F270-4938-A6DB-EAE6E099C726}.Debug|Any CPU.Build.0 = Debug|Any CPU
		{7D720EC7-F270-4938-A6DB-EAE6E099C726}.Release|Any CPU.ActiveCfg = Release|Any CPU
		{7D720EC7-F270-4938-A6DB-EAE6E099C726}.Release|Any CPU.Build.0 = Release|Any CPU
	EndGlobalSection
	GlobalSection(NestedProjects) = preSolution
		{7D720EC7-F270-4938-A6DB-EAE6E099C726} = {3CC5F389-DD77-4D2C-AE92-CAECB6C245A2}
	EndGlobalSection
EndGlobal
