
Microsoft Visual Studio Solution File, Format Version 12.00
# Visual Studio Version 17
VisualStudioVersion = 17.14.37516.0 d17.14
MinimumVisualStudioVersion = 10.0.40219.1
Project("{FAE04EC0-301F-11D3-BF4B-00C04F79EFBC}") = "Sygnia.WpfClient", "Sygnia.WpfClient.csproj", "{3AF6C80F-26D8-B1D1-4CFF-2F1660807A9D}"
EndProject
Global
	GlobalSection(SolutionConfigurationPlatforms) = preSolution
		Debug|Any CPU = Debug|Any CPU
		Release|Any CPU = Release|Any CPU
	EndGlobalSection
	GlobalSection(ProjectConfigurationPlatforms) = postSolution
		{3AF6C80F-26D8-B1D1-4CFF-2F1660807A9D}.Debug|Any CPU.ActiveCfg = Debug|Any CPU
		{3AF6C80F-26D8-B1D1-4CFF-2F1660807A9D}.Debug|Any CPU.Build.0 = Debug|Any CPU
		{3AF6C80F-26D8-B1D1-4CFF-2F1660807A9D}.Release|Any CPU.ActiveCfg = Release|Any CPU
		{3AF6C80F-26D8-B1D1-4CFF-2F1660807A9D}.Release|Any CPU.Build.0 = Release|Any CPU
	EndGlobalSection
	GlobalSection(SolutionProperties) = preSolution
		HideSolutionNode = FALSE
	EndGlobalSection
	GlobalSection(ExtensibilityGlobals) = postSolution
		SolutionGuid = {F40E0705-6153-43FB-AE18-C40606BA5E33}
	EndGlobalSection
EndGlobal
